
Microsoft Visual Studio Solution File, Format Version 12.00
# Visual Studio 15
VisualStudioVersion = 15.0.27703.2035
MinimumVisualStudioVersion = 10.0.40219.1
Project("{E24C65DC-7377-472B-9ABA-BC803B73C61A}") = "First_Site", "First_Site\", "{9FCF4A13-B361-4582-B769-87F887716374}"
	ProjectSection(WebsiteProperties) = preProject
		TargetFrameworkMoniker = ".NETFramework,Version%3Dv4.6.1"
		Debug.AspNetCompiler.VirtualPath = "/localhost_49475"
		Debug.AspNetCompiler.PhysicalPath = "First_Site\"
		Debug.AspNetCompiler.TargetPath = "PrecompiledWeb\localhost_49475\"
		Debug.AspNetCompiler.Updateable = "true"
		Debug.AspNetCompiler.ForceOverwrite = "true"
		Debug.AspNetCompiler.FixedNames = "false"
		Debug.AspNetCompiler.Debug = "True"
		Release.AspNetCompiler.VirtualPath = "/localhost_49475"
		Release.AspNetCompiler.PhysicalPath = "First_Site\"
		Release.AspNetCompiler.TargetPath = "PrecompiledWeb\localhost_49475\"
		Release.AspNetCompiler.Updateable = "true"
		Release.AspNetCompiler.ForceOverwrite = "true"
		Release.AspNetCompiler.FixedNames = "false"
		Release.AspNetCompiler.Debug = "False"
		VWDPort = "49475"
		SlnRelativePath = "First_Site\"
		DefaultWebSiteLanguage = "Visual C#"
	EndProjectSection
EndProject
Global
	GlobalSection(SolutionConfigurationPlatforms) = preSolution
		Debug|Any CPU = Debug|Any CPU
	EndGlobalSection
	GlobalSection(ProjectConfigurationPlatforms) = postSolution
		{9FCF4A13-B361-4582-B769-87F887716374}.Debug|Any CPU.ActiveCfg = Debug|Any CPU
		{9FCF4A13-B361-4582-B769-87F887716374}.Debug|Any CPU.Build.0 = Debug|Any CPU
	EndGlobalSection
	GlobalSection(SolutionProperties) = preSolution
		HideSolutionNode = FALSE
	EndGlobalSection
	GlobalSection(ExtensibilityGlobals) = postSolution
		SolutionGuid = {423DB7B1-6036-4792-9E2C-A12B775E2841}
	EndGlobalSection
EndGlobal
